
Microsoft Visual Studio Solution File, Format Version 12.00
# Visual Studio Version 17
VisualStudioVersion = 17.5.33627.172
MinimumVisualStudioVersion = 10.0.40219.1
Project("{8BC9CEB8-8B4A-11D0-8D11-00A0C91BC942}") = "ex01", "ex01\ex01.vcxproj", "{1C4A7EB7-53B4-4D95-9539-90323BB37076}"
EndProject
Project("{8BC9CEB8-8B4A-11D0-8D11-00A0C91BC942}") = "BreakOut", "BreakOut\BreakOut.vcxproj", "{CCCCD72A-4BEC-4190-B17A-EE57B77786CB}"
EndProject
Global
	GlobalSection(SolutionConfigurationPlatforms) = preSolution
		Debug|x64 = Debug|x64
		Debug|x86 = Debug|x86
		Release|x64 = Release|x64
		Release|x86 = Release|x86
	EndGlobalSection
	GlobalSection(ProjectConfigurationPlatforms) = postSolution
		{1C4A7EB7-53B4-4D95-9539-90323BB37076}.Debug|x64.ActiveCfg = Debug|x64
		{1C4A7EB7-53B4-4D95-9539-90323BB37076}.Debug|x64.Build.0 = Debug|x64
		{1C4A7EB7-53B4-4D95-9539-90323BB37076}.Debug|x86.ActiveCfg = Debug|Win32
		{1C4A7EB7-53B4-4D95-9539-90323BB37076}.Debug|x86.Build.0 = Debug|Win32
		{1C4A7EB7-53B4-4D95-9539-90323BB37076}.Release|x64.ActiveCfg = Release|x64
		{1C4A7EB7-53B4-4D95-9539-90323BB37076}.Release|x64.Build.0 = Release|x64
		{1C4A7EB7-53B4-4D95-9539-90323BB37076}.Release|x86.ActiveCfg = Release|Win32
		{1C4A7EB7-53B4-4D95-9539-90323BB37076}.Release|x86.Build.0 = Release|Win32
		{CCCCD72A-4BEC-4190-B17A-EE57B77786CB}.Debug|x64.ActiveCfg = Debug|x64
		{CCCCD72A-4BEC-4190-B17A-EE57B77786CB}.Debug|x64.Build.0 = Debug|x64
		{CCCCD72A-4BEC-4190-B17A-EE57B77786CB}.Debug|x86.ActiveCfg = Debug|Win32
		{CCCCD72A-4BEC-4190-B17A-EE57B77786CB}.Debug|x86.Build.0 = Debug|Win32
		{CCCCD72A-4BEC-4190-B17A-EE57B77786CB}.Release|x64.ActiveCfg = Release|x64
		{CCCCD72A-4BEC-4190-B17A-EE57B77786CB}.Release|x64.Build.0 = Release|x64
		{CCCCD72A-4BEC-4190-B17A-EE57B77786CB}.Release|x86.ActiveCfg = Release|Win32
		{CCCCD72A-4BEC-4190-B17A-EE57B77786CB}.Release|x86.Build.0 = Release|Win32
	EndGlobalSection
	GlobalSection(SolutionProperties) = preSolution
		HideSolutionNode = FALSE
	EndGlobalSection
	GlobalSection(ExtensibilityGlobals) = postSolution
		SolutionGuid = {705180C9-E995-4A70-8F7C-973BAFFF3A68}
	EndGlobalSection
EndGlobal
